// !$*UTF8*$!
{
	archiveVersion = 1;
	classes = {
	};
	objectVersion = 46;
	objects = {

/* Begin PBXBuildFile section */
		180F9B5C1EBC49E40066B30E /* main.m in Sources */ = {isa = PBXBuildFile; fileRef = 180F9B5B1EBC49E40066B30E /* main.m */; };
		180F9B5F1EBC49E40066B30E /* AppDelegate.m in Sources */ = {isa = PBXBuildFile; fileRef = 180F9B5E1EBC49E40066B30E /* AppDelegate.m */; };
		180F9B621EBC49E40066B30E /* ViewController.m in Sources */ = {isa = PBXBuildFile; fileRef = 180F9B611EBC49E40066B30E /* ViewController.m */; };
		180F9B651EBC49E40066B30E /* Main.storyboard in Resources */ = {isa = PBXBuildFile; fileRef = 180F9B631EBC49E40066B30E /* Main.storyboard */; };
		180F9B671EBC49E40066B30E /* Assets.xcassets in Resources */ = {isa = PBXBuildFile; fileRef = 180F9B661EBC49E40066B30E /* Assets.xcassets */; };
		180F9B6A1EBC49E40066B30E /* LaunchScreen.storyboard in Resources */ = {isa = PBXBuildFile; fileRef = 180F9B681EBC49E40066B30E /* LaunchScreen.storyboard */; };
		180F9B751EBC49E40066B30E /* TableImagesTests.m in Sources */ = {isa = PBXBuildFile; fileRef = 180F9B741EBC49E40066B30E /* TableImagesTests.m */; };
		180F9B801EBC49E50066B30E /* TableImagesUITests.m in Sources */ = {isa = PBXBuildFile; fileRef = 180F9B7F1EBC49E50066B30E /* TableImagesUITests.m */; };
/* End PBXBuildFile section */

/* Begin PBXContainerItemProxy section */
		180F9B711EBC49E40066B30E /* PBXContainerItemProxy */ = {
			isa = PBXContainerItemProxy;
			containerPortal = 180F9B4F1EBC49E40066B30E /* Project object */;
			proxyType = 1;
			remoteGlobalIDString = 180F9B561EBC49E40066B30E;
			remoteInfo = TableImages;
		};
		180F9B7C1EBC49E50066B30E /* PBXContainerItemProxy */ = {
			isa = PBXContainerItemProxy;
			containerPortal = 180F9B4F1EBC49E40066B30E /* Project object */;
			proxyType = 1;
			remoteGlobalIDString = 180F9B561EBC49E40066B30E;
			remoteInfo = TableImages;
		};
/* End PBXContainerItemProxy section */

/* Begin PBXFileReference section */
		180F9B571EBC49E40066B30E /* TableImages.app */ = {isa = PBXFileReference; explicitFileType = wrapper.application; includeInIndex = 0; path = TableImages.app; sourceTree = BUILT_PRODUCTS_DIR; };
		180F9B5B1EBC49E40066B30E /* main.m */ = {isa = PBXFileReference; lastKnownFileType = sourcecode.c.objc; path = main.m; sourceTree = "<group>"; };
		180F9B5D1EBC49E40066B30E /* AppDelegate.h */ = {isa = PBXFileReference; lastKnownFileType = sourcecode.c.h; path = AppDelegate.h; sourceTree = "<group>"; };
		180F9B5E1EBC49E40066B30E /* AppDelegate.m */ = {isa = PBXFileReference; lastKnownFileType = sourcecode.c.objc; path = AppDelegate.m; sourceTree = "<group>"; };
		180F9B601EBC49E40066B30E /* ViewController.h */ = {isa = PBXFileReference; lastKnownFileType = sourcecode.c.h; path = ViewController.h; sourceTree = "<group>"; };
		180F9B611EBC49E40066B30E /* ViewController.m */ = {isa = PBXFileReference; lastKnownFileType = sourcecode.c.objc; path = ViewController.m; sourceTree = "<group>"; };
		180F9B641EBC49E40066B30E /* Base */ = {isa = PBXFileReference; lastKnownFileType = file.storyboard; name = Base; path = Base.lproj/Main.storyboard; sourceTree = "<group>"; };
		180F9B661EBC49E40066B30E /* Assets.xcassets */ = {isa = PBXFileReference; lastKnownFileType = folder.assetcatalog; path = Assets.xcassets; sourceTree = "<group>"; };
		180F9B691EBC49E40066B30E /* Base */ = {isa = PBXFileReference; lastKnownFileType = file.storyboard; name = Base; path = Base.lproj/LaunchScreen.storyboard; sourceTree = "<group>"; };
		180F9B6B1EBC49E40066B30E /* Info.plist */ = {isa = PBXFileReference; lastKnownFileType = text.plist.xml; path = Info.plist; sourceTree = "<group>"; };
		180F9B701EBC49E40066B30E /* TableImagesTests.xctest */ = {isa = PBXFileReference; explicitFileType = wrapper.cfbundle; includeInIndex = 0; path = TableImagesTests.xctest; sourceTree = BUILT_PRODUCTS_DIR; };
		180F9B741EBC49E40066B30E /* TableImagesTests.m */ = {isa = PBXFileReference; lastKnownFileType = sourcecode.c.objc; path = TableImagesTests.m; sourceTree = "<group>"; };
		180F9B761EBC49E50066B30E /* Info.plist */ = {isa = PBXFileReference; lastKnownFileType = text.plist.xml; path = Info.plist; sourceTree = "<group>"; };
		180F9B7B1EBC49E50066B30E /* TableImagesUITests.xctest */ = {isa = PBXFileReference; explicitFileType = wrapper.cfbundle; includeInIndex = 0; path = TableImagesUITests.xctest; sourceTree = BUILT_PRODUCTS_DIR; };
		180F9B7F1EBC49E50066B30E /* TableImagesUITests.m */ = {isa = PBXFileReference; lastKnownFileType = sourcecode.c.objc; path = TableImagesUITests.m; sourceTree = "<group>"; };
		180F9B811EBC49E50066B30E /* Info.plist */ = {isa = PBXFileReference; lastKnownFileType = text.plist.xml; path = Info.plist; sourceTree = "<group>"; };
/* End PBXFileReference section */

/* Begin PBXFrameworksBuildPhase section */
		180F9B541EBC49E40066B30E /* Frameworks */ = {
			isa = PBXFrameworksBuildPhase;
			buildActionMask = 2147483647;
			files = (
			);
			runOnlyForDeploymentPostprocessing = 0;
		};
		180F9B6D1EBC49E40066B30E /* Frameworks */ = {
			isa = PBXFrameworksBuildPhase;
			buildActionMask = 2147483647;
			files = (
			);
			runOnlyForDeploymentPostprocessing = 0;
		};
		180F9B781EBC49E50066B30E /* Frameworks */ = {
			isa = PBXFrameworksBuildPhase;
			buildActionMask = 2147483647;
			files = (
			);
			runOnlyForDeploymentPostprocessing = 0;
		};
/* End PBXFrameworksBuildPhase section */

/* Begin PBXGroup section */
		180F9B4E1EBC49E40066B30E = {
			isa = PBXGroup;
			children = (
				180F9B591EBC49E40066B30E /* TableImages */,
				180F9B731EBC49E40066B30E /* TableImagesTests */,
				180F9B7E1EBC49E50066B30E /* TableImagesUITests */,
				180F9B581EBC49E40066B30E /* Products */,
			);
			sourceTree = "<group>";
		};
		180F9B581EBC49E40066B30E /* Products */ = {
			isa = PBXGroup;
			children = (
				180F9B571EBC49E40066B30E /* TableImages.app */,
				180F9B701EBC49E40066B30E /* TableImagesTests.xctest */,
				180F9B7B1EBC49E50066B30E /* TableImagesUITests.xctest */,
			);
			name = Products;
			sourceTree = "<group>";
		};
		180F9B591EBC49E40066B30E /* TableImages */ = {
			isa = PBXGroup;
			children = (
				180F9B5D1EBC49E40066B30E /* AppDelegate.h */,
				180F9B5E1EBC49E40066B30E /* AppDelegate.m */,
				180F9B601EBC49E40066B30E /* ViewController.h */,
				180F9B611EBC49E40066B30E /* ViewController.m */,
				180F9B631EBC49E40066B30E /* Main.storyboard */,
				180F9B661EBC49E40066B30E /* Assets.xcassets */,
				180F9B681EBC49E40066B30E /* LaunchScreen.storyboard */,
				180F9B6B1EBC49E40066B30E /* Info.plist */,
				180F9B5A1EBC49E40066B30E /* Supporting Files */,
			);
			path = TableImages;
			sourceTree = "<group>";
		};
		180F9B5A1EBC49E40066B30E /* Supporting Files */ = {
			isa = PBXGroup;
			children = (
				180F9B5B1EBC49E40066B30E /* main.m */,
			);
			name = "Supporting Files";
			sourceTree = "<group>";
		};
		180F9B731EBC49E40066B30E /* TableImagesTests */ = {
			isa = PBXGroup;
			children = (
				180F9B741EBC49E40066B30E /* TableImagesTests.m */,
				180F9B761EBC49E50066B30E /* Info.plist */,
			);
			path = TableImagesTests;
			sourceTree = "<group>";
		};
		180F9B7E1EBC49E50066B30E /* TableImagesUITests */ = {
			isa = PBXGroup;
			children = (
				180F9B7F1EBC49E50066B30E /* TableImagesUITests.m */,
				180F9B811EBC49E50066B30E /* Info.plist */,
			);
			path = TableImagesUITests;
			sourceTree = "<group>";
		};
/* End PBXGroup section */

/* Begin PBXNativeTarget section */
		180F9B561EBC49E40066B30E /* TableImages */ = {
			isa = PBXNativeTarget;
			buildConfigurationList = 180F9B841EBC49E50066B30E /* Build configuration list for PBXNativeTarget "TableImages" */;
			buildPhases = (
				180F9B531EBC49E40066B30E /* Sources */,
				180F9B541EBC49E40066B30E /* Frameworks */,
				180F9B551EBC49E40066B30E /* Resources */,
			);
			buildRules = (
			);
			dependencies = (
			);
			name = TableImages;
			productName = TableImages;
			productReference = 180F9B571EBC49E40066B30E /* TableImages.app */;
			productType = "com.apple.product-type.application";
		};
		180F9B6F1EBC49E40066B30E /* TableImagesTests */ = {
			isa = PBXNativeTarget;
			buildConfigurationList = 180F9B871EBC49E50066B30E /* Build configuration list for PBXNativeTarget "TableImagesTests" */;
			buildPhases = (
				180F9B6C1EBC49E40066B30E /* Sources */,
				180F9B6D1EBC49E40066B30E /* Frameworks */,
				180F9B6E1EBC49E40066B30E /* Resources */,
			);
			buildRules = (
			);
			dependencies = (
				180F9B721EBC49E40066B30E /* PBXTargetDependency */,
			);
			name = TableImagesTests;
			productName = TableImagesTests;
			productReference = 180F9B701EBC49E40066B30E /* TableImagesTests.xctest */;
			productType = "com.apple.product-type.bundle.unit-test";
		};
		180F9B7A1EBC49E50066B30E /* TableImagesUITests */ = {
			isa = PBXNativeTarget;
			buildConfigurationList = 180F9B8A1EBC49E50066B30E /* Build configuration list for PBXNativeTarget "TableImagesUITests" */;
			buildPhases = (
				180F9B771EBC49E50066B30E /* Sources */,
				180F9B781EBC49E50066B30E /* Frameworks */,
				180F9B791EBC49E50066B30E /* Resources */,
			);
			buildRules = (
			);
			dependencies = (
				180F9B7D1EBC49E50066B30E /* PBXTargetDependency */,
			);
			name = TableImagesUITests;
			productName = TableImagesUITests;
			productReference = 180F9B7B1EBC49E50066B30E /* TableImagesUITests.xctest */;
			productType = "com.apple.product-type.bundle.ui-testing";
		};
/* End PBXNativeTarget section */

/* Begin PBXProject section */
		180F9B4F1EBC49E40066B30E /* Project object */ = {
			isa = PBXProject;
			attributes = {
				LastUpgradeCheck = 0800;
				ORGANIZATIONNAME = Apple;
				TargetAttributes = {
					180F9B561EBC49E40066B30E = {
						CreatedOnToolsVersion = 8.0;
						ProvisioningStyle = Automatic;
					};
					180F9B6F1EBC49E40066B30E = {
						CreatedOnToolsVersion = 8.0;
						ProvisioningStyle = Automatic;
						TestTargetID = 180F9B561EBC49E40066B30E;
					};
					180F9B7A1EBC49E50066B30E = {
						CreatedOnToolsVersion = 8.0;
						ProvisioningStyle = Automatic;
						TestTargetID = 180F9B561EBC49E40066B30E;
					};
				};
			};
			buildConfigurationList = 180F9B521EBC49E40066B30E /* Build configuration list for PBXProject "TableImages" */;
			compatibilityVersion = "Xcode 3.2";
			developmentRegion = English;
			hasScannedForEncodings = 0;
			knownRegions = (
				en,
				Base,
			);
			mainGroup = 180F9B4E1EBC49E40066B30E;
			productRefGroup = 180F9B581EBC49E40066B30E /* Products */;
			projectDirPath = "";
			projectRoot = "";
			targets = (
				180F9B561EBC49E40066B30E /* TableImages */,
				180F9B6F1EBC49E40066B30E /* TableImagesTests */,
				180F9B7A1EBC49E50066B30E /* TableImagesUITests */,
			);
		};
/* End PBXProject section */

/* Begin PBXResourcesBuildPhase section */
		180F9B551EBC49E40066B30E /* Resources */ = {
			isa = PBXResourcesBuildPhase;
			buildActionMask = 2147483647;
			files = (
				180F9B6A1EBC49E40066B30E /* LaunchScreen.storyboard in Resources */,
				180F9B671EBC49E40066B30E /* Assets.xcassets in Resources */,
				180F9B651EBC49E40066B30E /* Main.storyboard in Resources */,
			);
			runOnlyForDeploymentPostprocessing = 0;
		};
		180F9B6E1EBC49E40066B30E /* Resources */ = {
			isa = PBXResourcesBuildPhase;
			buildActionMask = 2147483647;
			files = (
			);
			runOnlyForDeploymentPostprocessing = 0;
		};
		180F9B791EBC49E50066B30E /* Resources */ = {
			isa = PBXResourcesBuildPhase;
			buildActionMask = 2147483647;
			files = (
			);
			runOnlyForDeploymentPostprocessing = 0;
		};
/* End PBXResourcesBuildPhase section */

/* Begin PBXSourcesBuildPhase section */
		180F9B531EBC49E40066B30E /* Sources */ = {
			isa = PBXSourcesBuildPhase;
			buildActionMask = 2147483647;
			files = (
				180F9B621EBC49E40066B30E /* ViewController.m in Sources */,
				180F9B5F1EBC49E40066B30E /* AppDelegate.m in Sources */,
				180F9B5C1EBC49E40066B30E /* main.m in Sources */,
			);
			runOnlyForDeploymentPostprocessing = 0;
		};
		180F9B6C1EBC49E40066B30E /* Sources */ = {
			isa = PBXSourcesBuildPhase;
			buildActionMask = 2147483647;
			files = (
				180F9B751EBC49E40066B30E /* TableImagesTests.m in Sources */,
			);
			runOnlyForDeploymentPostprocessing = 0;
		};
		180F9B771EBC49E50066B30E /* Sources */ = {
			isa = PBXSourcesBuildPhase;
			buildActionMask = 2147483647;
			files = (
				180F9B801EBC49E50066B30E /* TableImagesUITests.m in Sources */,
			);
			runOnlyForDeploymentPostprocessing = 0;
		};
/* End PBXSourcesBuildPhase section */

/* Begin PBXTargetDependency section */
		180F9B721EBC49E40066B30E /* PBXTargetDependency */ = {
			isa = PBXTargetDependency;
			target = 180F9B561EBC49E40066B30E /* TableImages */;
			targetProxy = 180F9B711EBC49E40066B30E /* PBXContainerItemProxy */;
		};
		180F9B7D1EBC49E50066B30E /* PBXTargetDependency */ = {
			isa = PBXTargetDependency;
			target = 180F9B561EBC49E40066B30E /* TableImages */;
			targetProxy = 180F9B7C1EBC49E50066B30E /* PBXContainerItemProxy */;
		};
/* End PBXTargetDependency section */

/* Begin PBXVariantGroup section */
		180F9B631EBC49E40066B30E /* Main.storyboard */ = {
			isa = PBXVariantGroup;
			children = (
				180F9B641EBC49E40066B30E /* Base */,
			);
			name = Main.storyboard;
			sourceTree = "<group>";
		};
		180F9B681EBC49E40066B30E /* LaunchScreen.storyboard */ = {
			isa = PBXVariantGroup;
			children = (
				180F9B691EBC49E40066B30E /* Base */,
			);
			name = LaunchScreen.storyboard;
			sourceTree = "<group>";
		};
/* End PBXVariantGroup section */

/* Begin XCBuildConfiguration section */
		180F9B821EBC49E50066B30E /* Debug */ = {
			isa = XCBuildConfiguration;
			buildSettings = {
				ALWAYS_SEARCH_USER_PATHS = NO;
				CLANG_ANALYZER_NONNULL = YES;
				CLANG_CXX_LANGUAGE_STANDARD = "gnu++0x";
				CLANG_CXX_LIBRARY = "libc++";
				CLANG_ENABLE_MODULES = YES;
				CLANG_ENABLE_OBJC_ARC = YES;
				CLANG_WARN_BOOL_CONVERSION = YES;
				CLANG_WARN_CONSTANT_CONVERSION = YES;
				CLANG_WARN_DIRECT_OBJC_ISA_USAGE = YES_ERROR;
				CLANG_WARN_DOCUMENTATION_COMMENTS = YES;
				CLANG_WARN_EMPTY_BODY = YES;
				CLANG_WARN_ENUM_CONVERSION = YES;
				CLANG_WARN_INFINITE_RECURSION = YES;
				CLANG_WARN_INT_CONVERSION = YES;
				CLANG_WARN_OBJC_ROOT_CLASS = YES_ERROR;
				CLANG_WARN_SUSPICIOUS_MOVES = YES;
				CLANG_WARN_UNREACHABLE_CODE = YES;
				CLANG_WARN__DUPLICATE_METHOD_MATCH = YES;
				"CODE_SIGN_IDENTITY[sdk=iphoneos*]" = "iPhone Developer";
				COPY_PHASE_STRIP = NO;
				DEBUG_INFORMATION_FORMAT = dwarf;
				ENABLE_STRICT_OBJC_MSGSEND = YES;
				ENABLE_TESTABILITY = YES;
				GCC_C_LANGUAGE_STANDARD = gnu99;
				GCC_DYNAMIC_NO_PIC = NO;
				GCC_NO_COMMON_BLOCKS = YES;
				GCC_OPTIMIZATION_LEVEL = 0;
				GCC_PREPROCESSOR_DEFINITIONS = (
					"DEBUG=1",
					"$(inherited)",
				);
				GCC_WARN_64_TO_32_BIT_CONVERSION = YES;
				GCC_WARN_ABOUT_RETURN_TYPE = YES_ERROR;
				GCC_WARN_UNDECLARED_SELECTOR = YES;
				GCC_WARN_UNINITIALIZED_AUTOS = YES_AGGRESSIVE;
				GCC_WARN_UNUSED_FUNCTION = YES;
				GCC_WARN_UNUSED_VARIABLE = YES;
				IPHONEOS_DEPLOYMENT_TARGET = 10.0;
				MTL_ENABLE_DEBUG_INFO = YES;
				ONLY_ACTIVE_ARCH = YES;
				SDKROOT = iphoneos;
			};
			name = Debug;
		};
		180F9B831EBC49E50066B30E /* Release */ = {
			isa = XCBuildConfiguration;
			buildSettings = {
				ALWAYS_SEARCH_USER_PATHS = NO;
				CLANG_ANALYZER_NONNULL = YES;
				CLANG_CXX_LANGUAGE_STANDARD = "gnu++0x";
				CLANG_CXX_LIBRARY = "libc++";
				CLANG_ENABLE_MODULES = YES;
				CLANG_ENABLE_OBJC_ARC = YES;
				CLANG_WARN_BOOL_CONVERSION = YES;
				CLANG_WARN_CONSTANT_CONVERSION = YES;
				CLANG_WARN_DIRECT_OBJC_ISA_USAGE = YES_ERROR;
				CLANG_WARN_DOCUMENTATION_COMMENTS = YES;
				CLANG_WARN_EMPTY_BODY = YES;
				CLANG_WARN_ENUM_CONVERSION = YES;
				CLANG_WARN_INFINITE_RECURSION = YES;
				CLANG_WARN_INT_CONVERSION = YES;
				CLANG_WARN_OBJC_ROOT_CLASS = YES_ERROR;
				CLANG_WARN_SUSPICIOUS_MOVES = YES;
				CLANG_WARN_UNREACHABLE_CODE = YES;
				CLANG_WARN__DUPLICATE_METHOD_MATCH = YES;
				"CODE_SIGN_IDENTITY[sdk=iphoneos*]" = "iPhone Developer";
				COPY_PHASE_STRIP = NO;
				DEBUG_INFORMATION_FORMAT = "dwarf-with-dsym";
				ENABLE_NS_ASSERTIONS = NO;
				ENABLE_STRICT_OBJC_MSGSEND = YES;
				GCC_C_LANGUAGE_STANDARD = gnu99;
				GCC_NO_COMMON_BLOCKS = YES;
				GCC_WARN_64_TO_32_BIT_CONVERSION = YES;
				GCC_WARN_ABOUT_RETURN_TYPE = YES_ERROR;
				GCC_WARN_UNDECLARED_SELECTOR = YES;
				GCC_WARN_UNINITIALIZED_AUTOS = YES_AGGRESSIVE;
				GCC_WARN_UNUSED_FUNCTION = YES;
				GCC_WARN_UNUSED_VARIABLE = YES;
				IPHONEOS_DEPLOYMENT_TARGET = 10.0;
				MTL_ENABLE_DEBUG_INFO = NO;
				SDKROOT = iphoneos;
				VALIDATE_PRODUCT = YES;
			};
			name = Release;
		};
		180F9B851EBC49E50066B30E /* Debug */ = {
			isa = XCBuildConfiguration;
			buildSettings = {
				ASSETCATALOG_COMPILER_APPICON_NAME = AppIcon;
				INFOPLIST_FILE = TableImages/Info.plist;
				LD_RUNPATH_SEARCH_PATHS = "$(inherited) @executable_path/Frameworks";
				PRODUCT_BUNDLE_IDENTIFIER = apple.TableImages;
				PRODUCT_NAME = "$(TARGET_NAME)";
			};
			name = Debug;
		};
		180F9B861EBC49E50066B30E /* Release */ = {
			isa = XCBuildConfiguration;
			buildSettings = {
				ASSETCATALOG_COMPILER_APPICON_NAME = AppIcon;
				INFOPLIST_FILE = TableImages/Info.plist;
				LD_RUNPATH_SEARCH_PATHS = "$(inherited) @executable_path/Frameworks";
				PRODUCT_BUNDLE_IDENTIFIER = apple.TableImages;
				PRODUCT_NAME = "$(TARGET_NAME)";
			};
			name = Release;
		};
		180F9B881EBC49E50066B30E /* Debug */ = {
			isa = XCBuildConfiguration;
			buildSettings = {
				BUNDLE_LOADER = "$(TEST_HOST)";
				INFOPLIST_FILE = TableImagesTests/Info.plist;
				LD_RUNPATH_SEARCH_PATHS = "$(inherited) @executable_path/Frameworks @loader_path/Frameworks";
				PRODUCT_BUNDLE_IDENTIFIER = apple.TableImagesTests;
				PRODUCT_NAME = "$(TARGET_NAME)";
				TEST_HOST = "$(BUILT_PRODUCTS_DIR)/TableImages.app/TableImages";
			};
			name = Debug;
		};
		180F9B891EBC49E50066B30E /* Release */ = {
			isa = XCBuildConfiguration;
			buildSettings = {
				BUNDLE_LOADER = "$(TEST_HOST)";
				INFOPLIST_FILE = TableImagesTests/Info.plist;
				LD_RUNPATH_SEARCH_PATHS = "$(inherited) @executable_path/Frameworks @loader_path/Frameworks";
				PRODUCT_BUNDLE_IDENTIFIER = apple.TableImagesTests;
				PRODUCT_NAME = "$(TARGET_NAME)";
				TEST_HOST = "$(BUILT_PRODUCTS_DIR)/TableImages.app/TableImages";
			};
			name = Release;
		};
		180F9B8B1EBC49E50066B30E /* Debug */ = {
			isa = XCBuildConfiguration;
			buildSettings = {
				INFOPLIST_FILE = TableImagesUITests/Info.plist;
				LD_RUNPATH_SEARCH_PATHS = "$(inherited) @executable_path/Frameworks @loader_path/Frameworks";
				PRODUCT_BUNDLE_IDENTIFIER = apple.TableImagesUITests;
				PRODUCT_NAME = "$(TARGET_NAME)";
				TEST_TARGET_NAME = TableImages;
			};
			name = Debug;
		};
		180F9B8C1EBC49E50066B30E /* Release */ = {
			isa = XCBuildConfiguration;
			buildSettings = {
				INFOPLIST_FILE = TableImagesUITests/Info.plist;
				LD_RUNPATH_SEARCH_PATHS = "$(inherited) @executable_path/Frameworks @loader_path/Frameworks";
				PRODUCT_BUNDLE_IDENTIFIER = apple.TableImagesUITests;
				PRODUCT_NAME = "$(TARGET_NAME)";
				TEST_TARGET_NAME = TableImages;
			};
			name = Release;
		};
/* End XCBuildConfiguration section */

/* Begin XCConfigurationList section */
		180F9B521EBC49E40066B30E /* Build configuration list for PBXProject "TableImages" */ = {
			isa = XCConfigurationList;
			buildConfigurations = (
				180F9B821EBC49E50066B30E /* Debug */,
				180F9B831EBC49E50066B30E /* Release */,
			);
			defaultConfigurationIsVisible = 0;
			defaultConfigurationName = Release;
		};
		180F9B841EBC49E50066B30E /* Build configuration list for PBXNativeTarget "TableImages" */ = {
			isa = XCConfigurationList;
			buildConfigurations = (
				180F9B851EBC49E50066B30E /* Debug */,
				180F9B861EBC49E50066B30E /* Release */,
			);
			defaultConfigurationIsVisible = 0;
		};
		180F9B871EBC49E50066B30E /* Build configuration list for PBXNativeTarget "TableImagesTests" */ = {
			isa = XCConfigurationList;
			buildConfigurations = (
				180F9B881EBC49E50066B30E /* Debug */,
				180F9B891EBC49E50066B30E /* Release */,
			);
			defaultConfigurationIsVisible = 0;
		};
		180F9B8A1EBC49E50066B30E /* Build configuration list for PBXNativeTarget "TableImagesUITests" */ = {
			isa = XCConfigurationList;
			buildConfigurations = (
				180F9B8B1EBC49E50066B30E /* Debug */,
				180F9B8C1EBC49E50066B30E /* Release */,
			);
			defaultConfigurationIsVisible = 0;
		};
/* End XCConfigurationList section */
	};
	rootObject = 180F9B4F1EBC49E40066B30E /* Project object */;
}
